<?xml version="1.0" encoding="utf-8"?>
<Project ToolsVersion="4.0" xmlns="http://schemas.microsoft.com/developer/msbuild/2003">
  <ItemGroup>
    <ClCompile Include="Main.cpp" />
    <ClCompile Include="JWGUI.cpp" />
    <ClCompile Include="Core\JWInput.cpp">
      <Filter>Core</Filter>
    </ClCompile>
    <ClCompile Include="Core\JWShape.cpp">
      <Filter>Core</Filter>
    </ClCompile>
    <ClCompile Include="Core\JWLine.cpp">
      <Filter>Core</Filter>
    </ClCompile>
    <ClCompile Include="Control\JWControl.cpp">
      <Filter>Control</Filter>
    </ClCompile>
    <ClCompile Include="Control\JWButton.cpp">
      <Filter>Control</Filter>
    </ClCompile>
    <ClCompile Include="Control\JWLabel.cpp">
      <Filter>Control</Filter>
    </ClCompile>
    <ClCompile Include="Core\JWBorder.cpp">
      <Filter>Core</Filter>
    </ClCompile>
    <ClCompile Include="Control\JWThickBorder.cpp">
      <Filter>Control</Filter>
    </ClCompile>
    <ClCompile Include="Control\JWTitleBar.cpp">
      <Filter>Control</Filter>
    </ClCompile>
    <ClCompile Include="Control\JWImage.cpp">
      <Filter>Control</Filter>
    </ClCompile>
    <ClCompile Include="Dependency\tinyxml2.cpp">
      <Filter>Dependency</Filter>
    </ClCompile>
    <ClCompile Include="Core\JWFont.cpp">
      <Filter>Core</Filter>
    </ClCompile>
    <ClCompile Include="Dependency\BMFontParser.cpp">
      <Filter>Dependency</Filter>
    </ClCompile>
    <ClCompile Include="Window\JWInnerWindow.cpp">
      <Filter>Window</Filter>
    </ClCompile>
    <ClCompile Include="Window\JWOutterWindow.cpp">
      <Filter>Window</Filter>
    </ClCompile>
    <ClCompile Include="Window\JWWindow.cpp">
      <Filter>Window</Filter>
    </ClCompile>
    <ClCompile Include="Window\JWWindowManager.cpp">
      <Filter>Window</Filter>
    </ClCompile>
    <ClCompile Include="Window\JWDXDevice.cpp">
      <Filter>Window</Filter>
    </ClCompile>
  </ItemGroup>
  <ItemGroup>
    <Filter Include="Core">
      <UniqueIdentifier>{63c6e398-8b34-4389-b248-aa94cf07b7c3}</UniqueIdentifier>
    </Filter>
    <Filter Include="Control">
      <UniqueIdentifier>{ff58bdc3-26a4-4ffa-b5f1-d2d18512a118}</UniqueIdentifier>
    </Filter>
    <Filter Include="Dependency">
      <UniqueIdentifier>{7feeccc6-8c37-444d-bb58-36f7b0683287}</UniqueIdentifier>
    </Filter>
    <Filter Include="Window">
      <UniqueIdentifier>{8d6ab82b-3a09-49b6-8298-18eb6d5beba9}</UniqueIdentifier>
    </Filter>
  </ItemGroup>
  <ItemGroup>
    <ClInclude Include="Core\JWCommon.h">
      <Filter>Core</Filter>
    </ClInclude>
    <ClInclude Include="JWGUI.h" />
    <ClInclude Include="Core\JWInput.h">
      <Filter>Core</Filter>
    </ClInclude>
    <ClInclude Include="Core\JWShape.h">
      <Filter>Core</Filter>
    </ClInclude>
    <ClInclude Include="Core\JWLine.h">
      <Filter>Core</Filter>
    </ClInclude>
    <ClInclude Include="Control\JWControl.h">
      <Filter>Control</Filter>
    </ClInclude>
    <ClInclude Include="Control\JWButton.h">
      <Filter>Control</Filter>
    </ClInclude>
    <ClInclude Include="Control\JWLabel.h">
      <Filter>Control</Filter>
    </ClInclude>
    <ClInclude Include="Core\JWBorder.h">
      <Filter>Core</Filter>
    </ClInclude>
    <ClInclude Include="Control\JWThickBorder.h">
      <Filter>Control</Filter>
    </ClInclude>
    <ClInclude Include="Control\JWTitleBar.h">
      <Filter>Control</Filter>
    </ClInclude>
    <ClInclude Include="Control\JWImage.h">
      <Filter>Control</Filter>
    </ClInclude>
    <ClInclude Include="Dependency\tinyxml2.h">
      <Filter>Dependency</Filter>
    </ClInclude>
    <ClInclude Include="Core\JWFont.h">
      <Filter>Core</Filter>
    </ClInclude>
    <ClInclude Include="Dependency\BMFontParser.h">
      <Filter>Dependency</Filter>
    </ClInclude>
    <ClInclude Include="Window\JWInnerWindow.h">
      <Filter>Window</Filter>
    </ClInclude>
    <ClInclude Include="Window\JWOutterWindow.h">
      <Filter>Window</Filter>
    </ClInclude>
    <ClInclude Include="Window\JWWindow.h">
      <Filter>Window</Filter>
    </ClInclude>
    <ClInclude Include="Window\JWWindowManager.h">
      <Filter>Window</Filter>
    </ClInclude>
    <ClInclude Include="Window\JWDXDevice.h">
      <Filter>Window</Filter>
    </ClInclude>
  </ItemGroup>
</Project>